
Microsoft Visual Studio Solution File, Format Version 12.00
# Visual Studio Version 16
VisualStudioVersion = 16.0.30907.101
MinimumVisualStudioVersion = 10.0.40219.1
Project("{E24C65DC-7377-472B-9ABA-BC803B73C61A}") = "GigaGallery", "GigaGallery\", "{72B58DCC-2989-44E5-AECC-38DDFCBC6AE6}"
	ProjectSection(WebsiteProperties) = preProject
		TargetFrameworkMoniker = ".NETFramework,Version%3Dv4.7.2"
		Debug.AspNetCompiler.VirtualPath = "/localhost_27006"
		Debug.AspNetCompiler.PhysicalPath = "GigaGallery\"
		Debug.AspNetCompiler.TargetPath = "PrecompiledWeb\localhost_27006\"
		Debug.AspNetCompiler.Updateable = "true"
		Debug.AspNetCompiler.ForceOverwrite = "true"
		Debug.AspNetCompiler.FixedNames = "false"
		Debug.AspNetCompiler.Debug = "True"
		Release.AspNetCompiler.VirtualPath = "/localhost_27006"
		Release.AspNetCompiler.PhysicalPath = "GigaGallery\"
		Release.AspNetCompiler.TargetPath = "PrecompiledWeb\localhost_27006\"
		Release.AspNetCompiler.Updateable = "true"
		Release.AspNetCompiler.ForceOverwrite = "true"
		Release.AspNetCompiler.FixedNames = "false"
		Release.AspNetCompiler.Debug = "False"
		VWDPort = "27006"
		SlnRelativePath = "GigaGallery\"
		DefaultWebSiteLanguage = "Visual C#"
	EndProjectSection
	ProjectSection(ProjectDependencies) = postProject
		{91300708-CCA3-4BE2-89D8-4AF0D73CDF43} = {91300708-CCA3-4BE2-89D8-4AF0D73CDF43}
	EndProjectSection
EndProject
Project("{E24C65DC-7377-472B-9ABA-BC803B73C61A}") = "GigaGalleryWS", "GigaGalleryWS\", "{91300708-CCA3-4BE2-89D8-4AF0D73CDF43}"
	ProjectSection(WebsiteProperties) = preProject
		TargetFrameworkMoniker = ".NETFramework,Version%3Dv4.7.2"
		Debug.AspNetCompiler.VirtualPath = "/localhost_1242"
		Debug.AspNetCompiler.PhysicalPath = "GigaGalleryWS\"
		Debug.AspNetCompiler.TargetPath = "PrecompiledWeb\localhost_1242\"
		Debug.AspNetCompiler.Updateable = "true"
		Debug.AspNetCompiler.ForceOverwrite = "true"
		Debug.AspNetCompiler.FixedNames = "false"
		Debug.AspNetCompiler.Debug = "True"
		Release.AspNetCompiler.VirtualPath = "/localhost_1242"
		Release.AspNetCompiler.PhysicalPath = "GigaGalleryWS\"
		Release.AspNetCompiler.TargetPath = "PrecompiledWeb\localhost_1242\"
		Release.AspNetCompiler.Updateable = "true"
		Release.AspNetCompiler.ForceOverwrite = "true"
		Release.AspNetCompiler.FixedNames = "false"
		Release.AspNetCompiler.Debug = "False"
		VWDPort = "1242"
		SlnRelativePath = "GigaGalleryWS\"
		DefaultWebSiteLanguage = "Visual C#"
	EndProjectSection
EndProject
Global
	GlobalSection(SolutionConfigurationPlatforms) = preSolution
		Debug|Any CPU = Debug|Any CPU
	EndGlobalSection
	GlobalSection(ProjectConfigurationPlatforms) = postSolution
		{72B58DCC-2989-44E5-AECC-38DDFCBC6AE6}.Debug|Any CPU.ActiveCfg = Debug|Any CPU
		{72B58DCC-2989-44E5-AECC-38DDFCBC6AE6}.Debug|Any CPU.Build.0 = Debug|Any CPU
		{91300708-CCA3-4BE2-89D8-4AF0D73CDF43}.Debug|Any CPU.ActiveCfg = Debug|Any CPU
		{91300708-CCA3-4BE2-89D8-4AF0D73CDF43}.Debug|Any CPU.Build.0 = Debug|Any CPU
	EndGlobalSection
	GlobalSection(SolutionProperties) = preSolution
		HideSolutionNode = FALSE
	EndGlobalSection
	GlobalSection(ExtensibilityGlobals) = postSolution
		SolutionGuid = {B5BC70DE-127B-49EA-9CC2-3BC6141D5509}
	EndGlobalSection
EndGlobal
